
Microsoft Visual Studio Solution File, Format Version 12.00
# Visual Studio Version 17
VisualStudioVersion = 17.7.34024.191
MinimumVisualStudioVersion = 10.0.40219.1
Project("{FAE04EC0-301F-11D3-BF4B-00C04F79EFBC}") = "Event Final Project", "Event Final Project\Event Final Project.csproj", "{A18BAADC-A7BE-484F-8570-D3DD7176449C}"
EndProject
Global
	GlobalSection(SolutionConfigurationPlatforms) = preSolution
		Debug|Any CPU = Debug|Any CPU
		Release|Any CPU = Release|Any CPU
	EndGlobalSection
	GlobalSection(ProjectConfigurationPlatforms) = postSolution
		{A18BAADC-A7BE-484F-8570-D3DD7176449C}.Debug|Any CPU.ActiveCfg = Debug|Any CPU
		{A18BAADC-A7BE-484F-8570-D3DD7176449C}.Debug|Any CPU.Build.0 = Debug|Any CPU
		{A18BAADC-A7BE-484F-8570-D3DD7176449C}.Release|Any CPU.ActiveCfg = Release|Any CPU
		{A18BAADC-A7BE-484F-8570-D3DD7176449C}.Release|Any CPU.Build.0 = Release|Any CPU
	EndGlobalSection
	GlobalSection(SolutionProperties) = preSolution
		HideSolutionNode = FALSE
	EndGlobalSection
	GlobalSection(ExtensibilityGlobals) = postSolution
		SolutionGuid = {0DDD798B-E392-4BD0-882A-9B4EFDA29A55}
	EndGlobalSection
EndGlobal
